# This file was autogenerated by Stack.
# You should not edit this file by hand.
# For more information, please see the documentation at:
#   https://docs.haskellstack.org/en/stable/lock_files

packages:
- completed:
    hackage: ginger-0.8.4.0@sha256:21c3051af3c90af39c40a50400c9a1a0fcccb544528e37cde30bdd30048437d8,3151
    pantry-tree:
      size: 1375
      sha256: f8a7cb091ea4d8011bd530f83a22941a009d97ee7ccd4c93d0528aa72f3636ea
  original:
    hackage: ginger-0.8.4.0
snapshots:
- completed:
    size: 524104
    url: https://raw.githubusercontent.com/commercialhaskell/stackage-snapshots/master/lts/14/5.yaml
    sha256: 3c146eebc1b383211ea49d5422fb3d63d699da12307b4bc989107300eb579d60
  original: lts-14.5
